
Microsoft Visual Studio Solution File, Format Version 12.00
# Visual Studio Version 16
VisualStudioVersion = 16.0.28729.10
MinimumVisualStudioVersion = 10.0.40219.1
Project("{FAE04EC0-301F-11D3-BF4B-00C04F79EFBC}") = "ClientAPP.Core", "ClientAPP.Core\ClientAPP.Core.csproj", "{CCA14424-61CB-4B97-88E6-D6D38B0BBBAA}"
EndProject
Project("{2150E333-8FDC-42A3-9474-1A3956D46DE8}") = "Video", "Video", "{7BF114E5-3EAA-4FC5-AEF6-1DAA00D0FB2E}"
EndProject
Project("{2150E333-8FDC-42A3-9474-1A3956D46DE8}") = "Shell", "Shell", "{739A1925-7E76-416E-B0A4-35D75FB93742}"
EndProject
Project("{FAE04EC0-301F-11D3-BF4B-00C04F79EFBC}") = "ClientAPP.FormService", "Shell\ClientAPP.FormService\ClientAPP.FormService.csproj", "{25B7F338-0D0A-45C7-97BA-6AF55E5B9CD2}"
EndProject
Project("{FAE04EC0-301F-11D3-BF4B-00C04F79EFBC}") = "ClientAPP.VideoModule", "Video\ClientApp.VideoModule\ClientAPP.VideoModule.csproj", "{22849707-9A6B-457A-A89C-8471EE66AE59}"
EndProject
Project("{FAE04EC0-301F-11D3-BF4B-00C04F79EFBC}") = "ClientAPP.Uti", "ClientAPP.Uti\ClientAPP.Uti.csproj", "{EEA9C4D0-6350-4D2A-A865-7E8F7278CC13}"
EndProject
Project("{FAE04EC0-301F-11D3-BF4B-00C04F79EFBC}") = "ClientAPP.API", "ClientAPP.API\ClientAPP.API.csproj", "{1D7941C0-7790-498C-B771-5FB55A3CF0F9}"
EndProject
Global
	GlobalSection(SolutionConfigurationPlatforms) = preSolution
		Debug|Any CPU = Debug|Any CPU
		Release|Any CPU = Release|Any CPU
	EndGlobalSection
	GlobalSection(ProjectConfigurationPlatforms) = postSolution
		{CCA14424-61CB-4B97-88E6-D6D38B0BBBAA}.Debug|Any CPU.ActiveCfg = Debug|Any CPU
		{CCA14424-61CB-4B97-88E6-D6D38B0BBBAA}.Debug|Any CPU.Build.0 = Debug|Any CPU
		{CCA14424-61CB-4B97-88E6-D6D38B0BBBAA}.Release|Any CPU.ActiveCfg = Release|Any CPU
		{CCA14424-61CB-4B97-88E6-D6D38B0BBBAA}.Release|Any CPU.Build.0 = Release|Any CPU
		{25B7F338-0D0A-45C7-97BA-6AF55E5B9CD2}.Debug|Any CPU.ActiveCfg = Debug|Any CPU
		{25B7F338-0D0A-45C7-97BA-6AF55E5B9CD2}.Debug|Any CPU.Build.0 = Debug|Any CPU
		{25B7F338-0D0A-45C7-97BA-6AF55E5B9CD2}.Release|Any CPU.ActiveCfg = Release|Any CPU
		{25B7F338-0D0A-45C7-97BA-6AF55E5B9CD2}.Release|Any CPU.Build.0 = Release|Any CPU
		{22849707-9A6B-457A-A89C-8471EE66AE59}.Debug|Any CPU.ActiveCfg = Debug|Any CPU
		{22849707-9A6B-457A-A89C-8471EE66AE59}.Debug|Any CPU.Build.0 = Debug|Any CPU
		{22849707-9A6B-457A-A89C-8471EE66AE59}.Release|Any CPU.ActiveCfg = Release|Any CPU
		{22849707-9A6B-457A-A89C-8471EE66AE59}.Release|Any CPU.Build.0 = Release|Any CPU
		{EEA9C4D0-6350-4D2A-A865-7E8F7278CC13}.Debug|Any CPU.ActiveCfg = Debug|Any CPU
		{EEA9C4D0-6350-4D2A-A865-7E8F7278CC13}.Debug|Any CPU.Build.0 = Debug|Any CPU
		{EEA9C4D0-6350-4D2A-A865-7E8F7278CC13}.Release|Any CPU.ActiveCfg = Release|Any CPU
		{EEA9C4D0-6350-4D2A-A865-7E8F7278CC13}.Release|Any CPU.Build.0 = Release|Any CPU
		{1D7941C0-7790-498C-B771-5FB55A3CF0F9}.Debug|Any CPU.ActiveCfg = Debug|Any CPU
		{1D7941C0-7790-498C-B771-5FB55A3CF0F9}.Debug|Any CPU.Build.0 = Debug|Any CPU
		{1D7941C0-7790-498C-B771-5FB55A3CF0F9}.Release|Any CPU.ActiveCfg = Release|Any CPU
		{1D7941C0-7790-498C-B771-5FB55A3CF0F9}.Release|Any CPU.Build.0 = Release|Any CPU
	EndGlobalSection
	GlobalSection(SolutionProperties) = preSolution
		HideSolutionNode = FALSE
	EndGlobalSection
	GlobalSection(NestedProjects) = preSolution
		{25B7F338-0D0A-45C7-97BA-6AF55E5B9CD2} = {739A1925-7E76-416E-B0A4-35D75FB93742}
		{22849707-9A6B-457A-A89C-8471EE66AE59} = {7BF114E5-3EAA-4FC5-AEF6-1DAA00D0FB2E}
	EndGlobalSection
	GlobalSection(ExtensibilityGlobals) = postSolution
		SolutionGuid = {60D9529D-4331-493A-B944-EC09C2F4CAA3}
	EndGlobalSection
EndGlobal
